
Microsoft Visual Studio Solution File, Format Version 12.00
# Visual Studio 15
VisualStudioVersion = 15.0.27703.2047
MinimumVisualStudioVersion = 10.0.40219.1
Project("{FAE04EC0-301F-11D3-BF4B-00C04F79EFBC}") = "CodeExhibitor", "CodeExhibitor\CodeExhibitor.csproj", "{8A0F56C8-E18A-42BA-8272-951C2F38A9F0}"
EndProject
Global
	GlobalSection(SolutionConfigurationPlatforms) = preSolution
		Debug|Any CPU = Debug|Any CPU
		Release|Any CPU = Release|Any CPU
	EndGlobalSection
	GlobalSection(ProjectConfigurationPlatforms) = postSolution
		{8A0F56C8-E18A-42BA-8272-951C2F38A9F0}.Debug|Any CPU.ActiveCfg = Debug|Any CPU
		{8A0F56C8-E18A-42BA-8272-951C2F38A9F0}.Debug|Any CPU.Build.0 = Debug|Any CPU
		{8A0F56C8-E18A-42BA-8272-951C2F38A9F0}.Release|Any CPU.ActiveCfg = Release|Any CPU
		{8A0F56C8-E18A-42BA-8272-951C2F38A9F0}.Release|Any CPU.Build.0 = Release|Any CPU
	EndGlobalSection
	GlobalSection(SolutionProperties) = preSolution
		HideSolutionNode = FALSE
	EndGlobalSection
	GlobalSection(ExtensibilityGlobals) = postSolution
		SolutionGuid = {67B11598-4B1D-4669-A5E9-01311F344A0A}
	EndGlobalSection
EndGlobal
